
Microsoft Visual Studio Solution File, Format Version 12.00
# Visual Studio Version 17
Project("{2150E333-8FDC-42A3-9474-1A3956D46DE8}") = "CMakePredefinedTargets", "CMakePredefinedTargets", "{17C6510E-08EE-3C9B-96AD-0177C90F6078}"
EndProject
Project("{2150E333-8FDC-42A3-9474-1A3956D46DE8}") = "External", "External", "{96F135EC-38DC-3B61-951F-21029C9420B1}"
EndProject
Project("{2150E333-8FDC-42A3-9474-1A3956D46DE8}") = "Internal", "Internal", "{0BBA7A3D-A939-37BB-9D3A-195505A44BD8}"
EndProject
Project("{8BC9CEB8-8B4A-11D0-8D11-00A0C91BC942}") = "ALL_BUILD", "ALL_BUILD.vcxproj", "{AEF324B4-9A9A-33E8-BD52-81D4443FB4C5}"
	ProjectSection(ProjectDependencies) = postProject
		{ABC4C34F-E2EC-325E-B17F-9B799A02129B} = {ABC4C34F-E2EC-325E-B17F-9B799A02129B}
		{A5E638C9-EBAE-30BE-A05F-BC6F9A00B08A} = {A5E638C9-EBAE-30BE-A05F-BC6F9A00B08A}
		{6FEE5A19-AB44-3176-B497-8F80765EC2BF} = {6FEE5A19-AB44-3176-B497-8F80765EC2BF}
		{6476E43A-C5BC-34AA-831A-495CF75EAF40} = {6476E43A-C5BC-34AA-831A-495CF75EAF40}
		{521DC13C-97EF-3019-BD37-FA026130047D} = {521DC13C-97EF-3019-BD37-FA026130047D}
		{016FDE23-0CAA-3277-AEE5-6FAF9B22A9A1} = {016FDE23-0CAA-3277-AEE5-6FAF9B22A9A1}
		{79935777-5B47-325B-B346-50A4CC61BBCE} = {79935777-5B47-325B-B346-50A4CC61BBCE}
		{8FF4B972-3CCA-33F2-8398-2D501C6B5EE5} = {8FF4B972-3CCA-33F2-8398-2D501C6B5EE5}
		{0FEC1040-CF89-3A13-B571-19A07662211C} = {0FEC1040-CF89-3A13-B571-19A07662211C}
		{E28FB63B-E928-3539-A789-179BEDBDD395} = {E28FB63B-E928-3539-A789-179BEDBDD395}
		{32974EE5-5D84-3123-BBE8-3042A613786D} = {32974EE5-5D84-3123-BBE8-3042A613786D}
		{2C7E5C70-4D38-3333-AE26-BF34D0F03215} = {2C7E5C70-4D38-3333-AE26-BF34D0F03215}
		{10BFF8B5-5E26-3E53-9884-F42003191B57} = {10BFF8B5-5E26-3E53-9884-F42003191B57}
	EndProjectSection
EndProject
Project("{8BC9CEB8-8B4A-11D0-8D11-00A0C91BC942}") = "ZERO_CHECK", "..\..\..\\ZERO_CHECK.vcxproj", "{ABC4C34F-E2EC-325E-B17F-9B799A02129B}"
	ProjectSection(ProjectDependencies) = postProject
	EndProjectSection
EndProject
Project("{8BC9CEB8-8B4A-11D0-8D11-00A0C91BC942}") = "cocos2d", "cocos2d.vcxproj", "{A5E638C9-EBAE-30BE-A05F-BC6F9A00B08A}"
	ProjectSection(ProjectDependencies) = postProject
		{ABC4C34F-E2EC-325E-B17F-9B799A02129B} = {ABC4C34F-E2EC-325E-B17F-9B799A02129B}
		{6FEE5A19-AB44-3176-B497-8F80765EC2BF} = {6FEE5A19-AB44-3176-B497-8F80765EC2BF}
		{6476E43A-C5BC-34AA-831A-495CF75EAF40} = {6476E43A-C5BC-34AA-831A-495CF75EAF40}
		{521DC13C-97EF-3019-BD37-FA026130047D} = {521DC13C-97EF-3019-BD37-FA026130047D}
		{016FDE23-0CAA-3277-AEE5-6FAF9B22A9A1} = {016FDE23-0CAA-3277-AEE5-6FAF9B22A9A1}
		{79935777-5B47-325B-B346-50A4CC61BBCE} = {79935777-5B47-325B-B346-50A4CC61BBCE}
		{8FF4B972-3CCA-33F2-8398-2D501C6B5EE5} = {8FF4B972-3CCA-33F2-8398-2D501C6B5EE5}
		{0FEC1040-CF89-3A13-B571-19A07662211C} = {0FEC1040-CF89-3A13-B571-19A07662211C}
		{E28FB63B-E928-3539-A789-179BEDBDD395} = {E28FB63B-E928-3539-A789-179BEDBDD395}
		{32974EE5-5D84-3123-BBE8-3042A613786D} = {32974EE5-5D84-3123-BBE8-3042A613786D}
		{2C7E5C70-4D38-3333-AE26-BF34D0F03215} = {2C7E5C70-4D38-3333-AE26-BF34D0F03215}
		{10BFF8B5-5E26-3E53-9884-F42003191B57} = {10BFF8B5-5E26-3E53-9884-F42003191B57}
	EndProjectSection
EndProject
Project("{8BC9CEB8-8B4A-11D0-8D11-00A0C91BC942}") = "ext_clipper", "..\..\external\clipper\ext_clipper.vcxproj", "{6FEE5A19-AB44-3176-B497-8F80765EC2BF}"
	ProjectSection(ProjectDependencies) = postProject
		{ABC4C34F-E2EC-325E-B17F-9B799A02129B} = {ABC4C34F-E2EC-325E-B17F-9B799A02129B}
	EndProjectSection
EndProject
Project("{8BC9CEB8-8B4A-11D0-8D11-00A0C91BC942}") = "ext_convertUTF", "..\..\external\ConvertUTF\ext_convertUTF.vcxproj", "{6476E43A-C5BC-34AA-831A-495CF75EAF40}"
	ProjectSection(ProjectDependencies) = postProject
		{ABC4C34F-E2EC-325E-B17F-9B799A02129B} = {ABC4C34F-E2EC-325E-B17F-9B799A02129B}
	EndProjectSection
EndProject
Project("{8BC9CEB8-8B4A-11D0-8D11-00A0C91BC942}") = "ext_edtaa3func", "..\..\external\edtaa3func\ext_edtaa3func.vcxproj", "{521DC13C-97EF-3019-BD37-FA026130047D}"
	ProjectSection(ProjectDependencies) = postProject
		{ABC4C34F-E2EC-325E-B17F-9B799A02129B} = {ABC4C34F-E2EC-325E-B17F-9B799A02129B}
	EndProjectSection
EndProject
Project("{8BC9CEB8-8B4A-11D0-8D11-00A0C91BC942}") = "ext_md5", "..\..\external\md5\ext_md5.vcxproj", "{016FDE23-0CAA-3277-AEE5-6FAF9B22A9A1}"
	ProjectSection(ProjectDependencies) = postProject
		{ABC4C34F-E2EC-325E-B17F-9B799A02129B} = {ABC4C34F-E2EC-325E-B17F-9B799A02129B}
	EndProjectSection
EndProject
Project("{8BC9CEB8-8B4A-11D0-8D11-00A0C91BC942}") = "ext_poly2tri", "..\..\external\poly2tri\ext_poly2tri.vcxproj", "{79935777-5B47-325B-B346-50A4CC61BBCE}"
	ProjectSection(ProjectDependencies) = postProject
		{ABC4C34F-E2EC-325E-B17F-9B799A02129B} = {ABC4C34F-E2EC-325E-B17F-9B799A02129B}
	EndProjectSection
EndProject
Project("{8BC9CEB8-8B4A-11D0-8D11-00A0C91BC942}") = "ext_recast", "..\..\external\recast\ext_recast.vcxproj", "{8FF4B972-3CCA-33F2-8398-2D501C6B5EE5}"
	ProjectSection(ProjectDependencies) = postProject
		{ABC4C34F-E2EC-325E-B17F-9B799A02129B} = {ABC4C34F-E2EC-325E-B17F-9B799A02129B}
	EndProjectSection
EndProject
Project("{8BC9CEB8-8B4A-11D0-8D11-00A0C91BC942}") = "ext_tinyxml2", "..\..\external\tinyxml2\ext_tinyxml2.vcxproj", "{0FEC1040-CF89-3A13-B571-19A07662211C}"
	ProjectSection(ProjectDependencies) = postProject
		{ABC4C34F-E2EC-325E-B17F-9B799A02129B} = {ABC4C34F-E2EC-325E-B17F-9B799A02129B}
	EndProjectSection
EndProject
Project("{8BC9CEB8-8B4A-11D0-8D11-00A0C91BC942}") = "ext_unzip", "..\..\external\unzip\ext_unzip.vcxproj", "{E28FB63B-E928-3539-A789-179BEDBDD395}"
	ProjectSection(ProjectDependencies) = postProject
		{ABC4C34F-E2EC-325E-B17F-9B799A02129B} = {ABC4C34F-E2EC-325E-B17F-9B799A02129B}
	EndProjectSection
EndProject
Project("{8BC9CEB8-8B4A-11D0-8D11-00A0C91BC942}") = "ext_xxhash", "..\..\external\xxhash\ext_xxhash.vcxproj", "{32974EE5-5D84-3123-BBE8-3042A613786D}"
	ProjectSection(ProjectDependencies) = postProject
		{ABC4C34F-E2EC-325E-B17F-9B799A02129B} = {ABC4C34F-E2EC-325E-B17F-9B799A02129B}
	EndProjectSection
EndProject
Project("{8BC9CEB8-8B4A-11D0-8D11-00A0C91BC942}") = "ext_xxtea", "..\..\external\xxtea\ext_xxtea.vcxproj", "{2C7E5C70-4D38-3333-AE26-BF34D0F03215}"
	ProjectSection(ProjectDependencies) = postProject
		{ABC4C34F-E2EC-325E-B17F-9B799A02129B} = {ABC4C34F-E2EC-325E-B17F-9B799A02129B}
	EndProjectSection
EndProject
Project("{8BC9CEB8-8B4A-11D0-8D11-00A0C91BC942}") = "external", "..\..\external\external.vcxproj", "{10BFF8B5-5E26-3E53-9884-F42003191B57}"
	ProjectSection(ProjectDependencies) = postProject
		{ABC4C34F-E2EC-325E-B17F-9B799A02129B} = {ABC4C34F-E2EC-325E-B17F-9B799A02129B}
		{6FEE5A19-AB44-3176-B497-8F80765EC2BF} = {6FEE5A19-AB44-3176-B497-8F80765EC2BF}
		{6476E43A-C5BC-34AA-831A-495CF75EAF40} = {6476E43A-C5BC-34AA-831A-495CF75EAF40}
		{521DC13C-97EF-3019-BD37-FA026130047D} = {521DC13C-97EF-3019-BD37-FA026130047D}
		{016FDE23-0CAA-3277-AEE5-6FAF9B22A9A1} = {016FDE23-0CAA-3277-AEE5-6FAF9B22A9A1}
		{79935777-5B47-325B-B346-50A4CC61BBCE} = {79935777-5B47-325B-B346-50A4CC61BBCE}
		{8FF4B972-3CCA-33F2-8398-2D501C6B5EE5} = {8FF4B972-3CCA-33F2-8398-2D501C6B5EE5}
		{0FEC1040-CF89-3A13-B571-19A07662211C} = {0FEC1040-CF89-3A13-B571-19A07662211C}
		{E28FB63B-E928-3539-A789-179BEDBDD395} = {E28FB63B-E928-3539-A789-179BEDBDD395}
		{32974EE5-5D84-3123-BBE8-3042A613786D} = {32974EE5-5D84-3123-BBE8-3042A613786D}
		{2C7E5C70-4D38-3333-AE26-BF34D0F03215} = {2C7E5C70-4D38-3333-AE26-BF34D0F03215}
	EndProjectSection
EndProject
Global
	GlobalSection(SolutionConfigurationPlatforms) = preSolution
		Debug|win32 = Debug|win32
		Release|win32 = Release|win32
		MinSizeRel|win32 = MinSizeRel|win32
		RelWithDebInfo|win32 = RelWithDebInfo|win32
	EndGlobalSection
	GlobalSection(ProjectConfigurationPlatforms) = postSolution
		{AEF324B4-9A9A-33E8-BD52-81D4443FB4C5}.Debug|win32.ActiveCfg = Debug|win32
		{AEF324B4-9A9A-33E8-BD52-81D4443FB4C5}.Release|win32.ActiveCfg = Release|win32
		{AEF324B4-9A9A-33E8-BD52-81D4443FB4C5}.MinSizeRel|win32.ActiveCfg = MinSizeRel|win32
		{AEF324B4-9A9A-33E8-BD52-81D4443FB4C5}.RelWithDebInfo|win32.ActiveCfg = RelWithDebInfo|win32
		{ABC4C34F-E2EC-325E-B17F-9B799A02129B}.Debug|win32.ActiveCfg = Debug|win32
		{ABC4C34F-E2EC-325E-B17F-9B799A02129B}.Debug|win32.Build.0 = Debug|win32
		{ABC4C34F-E2EC-325E-B17F-9B799A02129B}.Release|win32.ActiveCfg = Release|win32
		{ABC4C34F-E2EC-325E-B17F-9B799A02129B}.Release|win32.Build.0 = Release|win32
		{ABC4C34F-E2EC-325E-B17F-9B799A02129B}.MinSizeRel|win32.ActiveCfg = MinSizeRel|win32
		{ABC4C34F-E2EC-325E-B17F-9B799A02129B}.MinSizeRel|win32.Build.0 = MinSizeRel|win32
		{ABC4C34F-E2EC-325E-B17F-9B799A02129B}.RelWithDebInfo|win32.ActiveCfg = RelWithDebInfo|win32
		{ABC4C34F-E2EC-325E-B17F-9B799A02129B}.RelWithDebInfo|win32.Build.0 = RelWithDebInfo|win32
		{A5E638C9-EBAE-30BE-A05F-BC6F9A00B08A}.Debug|win32.ActiveCfg = Debug|win32
		{A5E638C9-EBAE-30BE-A05F-BC6F9A00B08A}.Debug|win32.Build.0 = Debug|win32
		{A5E638C9-EBAE-30BE-A05F-BC6F9A00B08A}.Release|win32.ActiveCfg = Release|win32
		{A5E638C9-EBAE-30BE-A05F-BC6F9A00B08A}.Release|win32.Build.0 = Release|win32
		{A5E638C9-EBAE-30BE-A05F-BC6F9A00B08A}.MinSizeRel|win32.ActiveCfg = MinSizeRel|win32
		{A5E638C9-EBAE-30BE-A05F-BC6F9A00B08A}.MinSizeRel|win32.Build.0 = MinSizeRel|win32
		{A5E638C9-EBAE-30BE-A05F-BC6F9A00B08A}.RelWithDebInfo|win32.ActiveCfg = RelWithDebInfo|win32
		{A5E638C9-EBAE-30BE-A05F-BC6F9A00B08A}.RelWithDebInfo|win32.Build.0 = RelWithDebInfo|win32
		{6FEE5A19-AB44-3176-B497-8F80765EC2BF}.Debug|win32.ActiveCfg = Debug|win32
		{6FEE5A19-AB44-3176-B497-8F80765EC2BF}.Debug|win32.Build.0 = Debug|win32
		{6FEE5A19-AB44-3176-B497-8F80765EC2BF}.Release|win32.ActiveCfg = Release|win32
		{6FEE5A19-AB44-3176-B497-8F80765EC2BF}.Release|win32.Build.0 = Release|win32
		{6FEE5A19-AB44-3176-B497-8F80765EC2BF}.MinSizeRel|win32.ActiveCfg = MinSizeRel|win32
		{6FEE5A19-AB44-3176-B497-8F80765EC2BF}.MinSizeRel|win32.Build.0 = MinSizeRel|win32
		{6FEE5A19-AB44-3176-B497-8F80765EC2BF}.RelWithDebInfo|win32.ActiveCfg = RelWithDebInfo|win32
		{6FEE5A19-AB44-3176-B497-8F80765EC2BF}.RelWithDebInfo|win32.Build.0 = RelWithDebInfo|win32
		{6476E43A-C5BC-34AA-831A-495CF75EAF40}.Debug|win32.ActiveCfg = Debug|win32
		{6476E43A-C5BC-34AA-831A-495CF75EAF40}.Debug|win32.Build.0 = Debug|win32
		{6476E43A-C5BC-34AA-831A-495CF75EAF40}.Release|win32.ActiveCfg = Release|win32
		{6476E43A-C5BC-34AA-831A-495CF75EAF40}.Release|win32.Build.0 = Release|win32
		{6476E43A-C5BC-34AA-831A-495CF75EAF40}.MinSizeRel|win32.ActiveCfg = MinSizeRel|win32
		{6476E43A-C5BC-34AA-831A-495CF75EAF40}.MinSizeRel|win32.Build.0 = MinSizeRel|win32
		{6476E43A-C5BC-34AA-831A-495CF75EAF40}.RelWithDebInfo|win32.ActiveCfg = RelWithDebInfo|win32
		{6476E43A-C5BC-34AA-831A-495CF75EAF40}.RelWithDebInfo|win32.Build.0 = RelWithDebInfo|win32
		{521DC13C-97EF-3019-BD37-FA026130047D}.Debug|win32.ActiveCfg = Debug|win32
		{521DC13C-97EF-3019-BD37-FA026130047D}.Debug|win32.Build.0 = Debug|win32
		{521DC13C-97EF-3019-BD37-FA026130047D}.Release|win32.ActiveCfg = Release|win32
		{521DC13C-97EF-3019-BD37-FA026130047D}.Release|win32.Build.0 = Release|win32
		{521DC13C-97EF-3019-BD37-FA026130047D}.MinSizeRel|win32.ActiveCfg = MinSizeRel|win32
		{521DC13C-97EF-3019-BD37-FA026130047D}.MinSizeRel|win32.Build.0 = MinSizeRel|win32
		{521DC13C-97EF-3019-BD37-FA026130047D}.RelWithDebInfo|win32.ActiveCfg = RelWithDebInfo|win32
		{521DC13C-97EF-3019-BD37-FA026130047D}.RelWithDebInfo|win32.Build.0 = RelWithDebInfo|win32
		{016FDE23-0CAA-3277-AEE5-6FAF9B22A9A1}.Debug|win32.ActiveCfg = Debug|win32
		{016FDE23-0CAA-3277-AEE5-6FAF9B22A9A1}.Debug|win32.Build.0 = Debug|win32
		{016FDE23-0CAA-3277-AEE5-6FAF9B22A9A1}.Release|win32.ActiveCfg = Release|win32
		{016FDE23-0CAA-3277-AEE5-6FAF9B22A9A1}.Release|win32.Build.0 = Release|win32
		{016FDE23-0CAA-3277-AEE5-6FAF9B22A9A1}.MinSizeRel|win32.ActiveCfg = MinSizeRel|win32
		{016FDE23-0CAA-3277-AEE5-6FAF9B22A9A1}.MinSizeRel|win32.Build.0 = MinSizeRel|win32
		{016FDE23-0CAA-3277-AEE5-6FAF9B22A9A1}.RelWithDebInfo|win32.ActiveCfg = RelWithDebInfo|win32
		{016FDE23-0CAA-3277-AEE5-6FAF9B22A9A1}.RelWithDebInfo|win32.Build.0 = RelWithDebInfo|win32
		{79935777-5B47-325B-B346-50A4CC61BBCE}.Debug|win32.ActiveCfg = Debug|win32
		{79935777-5B47-325B-B346-50A4CC61BBCE}.Debug|win32.Build.0 = Debug|win32
		{79935777-5B47-325B-B346-50A4CC61BBCE}.Release|win32.ActiveCfg = Release|win32
		{79935777-5B47-325B-B346-50A4CC61BBCE}.Release|win32.Build.0 = Release|win32
		{79935777-5B47-325B-B346-50A4CC61BBCE}.MinSizeRel|win32.ActiveCfg = MinSizeRel|win32
		{79935777-5B47-325B-B346-50A4CC61BBCE}.MinSizeRel|win32.Build.0 = MinSizeRel|win32
		{79935777-5B47-325B-B346-50A4CC61BBCE}.RelWithDebInfo|win32.ActiveCfg = RelWithDebInfo|win32
		{79935777-5B47-325B-B346-50A4CC61BBCE}.RelWithDebInfo|win32.Build.0 = RelWithDebInfo|win32
		{8FF4B972-3CCA-33F2-8398-2D501C6B5EE5}.Debug|win32.ActiveCfg = Debug|win32
		{8FF4B972-3CCA-33F2-8398-2D501C6B5EE5}.Debug|win32.Build.0 = Debug|win32
		{8FF4B972-3CCA-33F2-8398-2D501C6B5EE5}.Release|win32.ActiveCfg = Release|win32
		{8FF4B972-3CCA-33F2-8398-2D501C6B5EE5}.Release|win32.Build.0 = Release|win32
		{8FF4B972-3CCA-33F2-8398-2D501C6B5EE5}.MinSizeRel|win32.ActiveCfg = MinSizeRel|win32
		{8FF4B972-3CCA-33F2-8398-2D501C6B5EE5}.MinSizeRel|win32.Build.0 = MinSizeRel|win32
		{8FF4B972-3CCA-33F2-8398-2D501C6B5EE5}.RelWithDebInfo|win32.ActiveCfg = RelWithDebInfo|win32
		{8FF4B972-3CCA-33F2-8398-2D501C6B5EE5}.RelWithDebInfo|win32.Build.0 = RelWithDebInfo|win32
		{0FEC1040-CF89-3A13-B571-19A07662211C}.Debug|win32.ActiveCfg = Debug|win32
		{0FEC1040-CF89-3A13-B571-19A07662211C}.Debug|win32.Build.0 = Debug|win32
		{0FEC1040-CF89-3A13-B571-19A07662211C}.Release|win32.ActiveCfg = Release|win32
		{0FEC1040-CF89-3A13-B571-19A07662211C}.Release|win32.Build.0 = Release|win32
		{0FEC1040-CF89-3A13-B571-19A07662211C}.MinSizeRel|win32.ActiveCfg = MinSizeRel|win32
		{0FEC1040-CF89-3A13-B571-19A07662211C}.MinSizeRel|win32.Build.0 = MinSizeRel|win32
		{0FEC1040-CF89-3A13-B571-19A07662211C}.RelWithDebInfo|win32.ActiveCfg = RelWithDebInfo|win32
		{0FEC1040-CF89-3A13-B571-19A07662211C}.RelWithDebInfo|win32.Build.0 = RelWithDebInfo|win32
		{E28FB63B-E928-3539-A789-179BEDBDD395}.Debug|win32.ActiveCfg = Debug|win32
		{E28FB63B-E928-3539-A789-179BEDBDD395}.Debug|win32.Build.0 = Debug|win32
		{E28FB63B-E928-3539-A789-179BEDBDD395}.Release|win32.ActiveCfg = Release|win32
		{E28FB63B-E928-3539-A789-179BEDBDD395}.Release|win32.Build.0 = Release|win32
		{E28FB63B-E928-3539-A789-179BEDBDD395}.MinSizeRel|win32.ActiveCfg = MinSizeRel|win32
		{E28FB63B-E928-3539-A789-179BEDBDD395}.MinSizeRel|win32.Build.0 = MinSizeRel|win32
		{E28FB63B-E928-3539-A789-179BEDBDD395}.RelWithDebInfo|win32.ActiveCfg = RelWithDebInfo|win32
		{E28FB63B-E928-3539-A789-179BEDBDD395}.RelWithDebInfo|win32.Build.0 = RelWithDebInfo|win32
		{32974EE5-5D84-3123-BBE8-3042A613786D}.Debug|win32.ActiveCfg = Debug|win32
		{32974EE5-5D84-3123-BBE8-3042A613786D}.Debug|win32.Build.0 = Debug|win32
		{32974EE5-5D84-3123-BBE8-3042A613786D}.Release|win32.ActiveCfg = Release|win32
		{32974EE5-5D84-3123-BBE8-3042A613786D}.Release|win32.Build.0 = Release|win32
		{32974EE5-5D84-3123-BBE8-3042A613786D}.MinSizeRel|win32.ActiveCfg = MinSizeRel|win32
		{32974EE5-5D84-3123-BBE8-3042A613786D}.MinSizeRel|win32.Build.0 = MinSizeRel|win32
		{32974EE5-5D84-3123-BBE8-3042A613786D}.RelWithDebInfo|win32.ActiveCfg = RelWithDebInfo|win32
		{32974EE5-5D84-3123-BBE8-3042A613786D}.RelWithDebInfo|win32.Build.0 = RelWithDebInfo|win32
		{2C7E5C70-4D38-3333-AE26-BF34D0F03215}.Debug|win32.ActiveCfg = Debug|win32
		{2C7E5C70-4D38-3333-AE26-BF34D0F03215}.Debug|win32.Build.0 = Debug|win32
		{2C7E5C70-4D38-3333-AE26-BF34D0F03215}.Release|win32.ActiveCfg = Release|win32
		{2C7E5C70-4D38-3333-AE26-BF34D0F03215}.Release|win32.Build.0 = Release|win32
		{2C7E5C70-4D38-3333-AE26-BF34D0F03215}.MinSizeRel|win32.ActiveCfg = MinSizeRel|win32
		{2C7E5C70-4D38-3333-AE26-BF34D0F03215}.MinSizeRel|win32.Build.0 = MinSizeRel|win32
		{2C7E5C70-4D38-3333-AE26-BF34D0F03215}.RelWithDebInfo|win32.ActiveCfg = RelWithDebInfo|win32
		{2C7E5C70-4D38-3333-AE26-BF34D0F03215}.RelWithDebInfo|win32.Build.0 = RelWithDebInfo|win32
		{10BFF8B5-5E26-3E53-9884-F42003191B57}.Debug|win32.ActiveCfg = Debug|win32
		{10BFF8B5-5E26-3E53-9884-F42003191B57}.Debug|win32.Build.0 = Debug|win32
		{10BFF8B5-5E26-3E53-9884-F42003191B57}.Release|win32.ActiveCfg = Release|win32
		{10BFF8B5-5E26-3E53-9884-F42003191B57}.Release|win32.Build.0 = Release|win32
		{10BFF8B5-5E26-3E53-9884-F42003191B57}.MinSizeRel|win32.ActiveCfg = MinSizeRel|win32
		{10BFF8B5-5E26-3E53-9884-F42003191B57}.MinSizeRel|win32.Build.0 = MinSizeRel|win32
		{10BFF8B5-5E26-3E53-9884-F42003191B57}.RelWithDebInfo|win32.ActiveCfg = RelWithDebInfo|win32
		{10BFF8B5-5E26-3E53-9884-F42003191B57}.RelWithDebInfo|win32.Build.0 = RelWithDebInfo|win32
	EndGlobalSection
	GlobalSection(NestedProjects) = preSolution
		{AEF324B4-9A9A-33E8-BD52-81D4443FB4C5} = {17C6510E-08EE-3C9B-96AD-0177C90F6078}
		{ABC4C34F-E2EC-325E-B17F-9B799A02129B} = {17C6510E-08EE-3C9B-96AD-0177C90F6078}
		{6FEE5A19-AB44-3176-B497-8F80765EC2BF} = {96F135EC-38DC-3B61-951F-21029C9420B1}
		{6476E43A-C5BC-34AA-831A-495CF75EAF40} = {96F135EC-38DC-3B61-951F-21029C9420B1}
		{521DC13C-97EF-3019-BD37-FA026130047D} = {96F135EC-38DC-3B61-951F-21029C9420B1}
		{016FDE23-0CAA-3277-AEE5-6FAF9B22A9A1} = {96F135EC-38DC-3B61-951F-21029C9420B1}
		{79935777-5B47-325B-B346-50A4CC61BBCE} = {96F135EC-38DC-3B61-951F-21029C9420B1}
		{8FF4B972-3CCA-33F2-8398-2D501C6B5EE5} = {96F135EC-38DC-3B61-951F-21029C9420B1}
		{0FEC1040-CF89-3A13-B571-19A07662211C} = {96F135EC-38DC-3B61-951F-21029C9420B1}
		{E28FB63B-E928-3539-A789-179BEDBDD395} = {96F135EC-38DC-3B61-951F-21029C9420B1}
		{32974EE5-5D84-3123-BBE8-3042A613786D} = {96F135EC-38DC-3B61-951F-21029C9420B1}
		{2C7E5C70-4D38-3333-AE26-BF34D0F03215} = {96F135EC-38DC-3B61-951F-21029C9420B1}
		{10BFF8B5-5E26-3E53-9884-F42003191B57} = {96F135EC-38DC-3B61-951F-21029C9420B1}
		{A5E638C9-EBAE-30BE-A05F-BC6F9A00B08A} = {0BBA7A3D-A939-37BB-9D3A-195505A44BD8}
	EndGlobalSection
	GlobalSection(ExtensibilityGlobals) = postSolution
		SolutionGuid = {9E9F1477-6083-394E-9E32-1001B244B745}
	EndGlobalSection
	GlobalSection(ExtensibilityAddIns) = postSolution
	EndGlobalSection
EndGlobal
